
Microsoft Visual Studio Solution File, Format Version 12.00
# Visual Studio Version 17
VisualStudioVersion = 17.0.32014.148
MinimumVisualStudioVersion = 10.0.40219.1
Project("{FAE04EC0-301F-11D3-BF4B-00C04F79EFBC}") = "AbbyWeb", "AbbyWeb\AbbyWeb.csproj", "{4E410E4E-A72B-462D-9B7A-DBCFD7A24CBA}"
EndProject
Project("{2150E333-8FDC-42A3-9474-1A3956D46DE8}") = "Solution Items", "Solution Items", "{88417DC5-BFEC-4B3C-B772-9D36BFBABA4F}"
	ProjectSection(SolutionItems) = preProject
		.gitignore = .gitignore
	EndProjectSection
EndProject
Global
	GlobalSection(SolutionConfigurationPlatforms) = preSolution
		Debug|Any CPU = Debug|Any CPU
		Release|Any CPU = Release|Any CPU
	EndGlobalSection
	GlobalSection(ProjectConfigurationPlatforms) = postSolution
		{4E410E4E-A72B-462D-9B7A-DBCFD7A24CBA}.Debug|Any CPU.ActiveCfg = Debug|Any CPU
		{4E410E4E-A72B-462D-9B7A-DBCFD7A24CBA}.Debug|Any CPU.Build.0 = Debug|Any CPU
		{4E410E4E-A72B-462D-9B7A-DBCFD7A24CBA}.Release|Any CPU.ActiveCfg = Release|Any CPU
		{4E410E4E-A72B-462D-9B7A-DBCFD7A24CBA}.Release|Any CPU.Build.0 = Release|Any CPU
	EndGlobalSection
	GlobalSection(SolutionProperties) = preSolution
		HideSolutionNode = FALSE
	EndGlobalSection
	GlobalSection(ExtensibilityGlobals) = postSolution
		SolutionGuid = {E8F2236D-437B-4C12-823A-968CB30301FC}
	EndGlobalSection
EndGlobal
